
Microsoft Visual Studio Solution File, Format Version 12.00
# Visual Studio Version 16
VisualStudioVersion = 16.0.33328.57
MinimumVisualStudioVersion = 10.0.40219.1
Project("{8BC9CEB8-8B4A-11D0-8D11-00A0C91BC942}") = "VGG_tensorrt", "VGG_tensorrt\VGG_tensorrt.vcxproj", "{96E42203-C03B-4185-99BD-723FE2EE8A3F}"
EndProject
Global
	GlobalSection(SolutionConfigurationPlatforms) = preSolution
		Debug|x64 = Debug|x64
		Debug|x86 = Debug|x86
		Release|x64 = Release|x64
		Release|x86 = Release|x86
	EndGlobalSection
	GlobalSection(ProjectConfigurationPlatforms) = postSolution
		{96E42203-C03B-4185-99BD-723FE2EE8A3F}.Debug|x64.ActiveCfg = Debug|x64
		{96E42203-C03B-4185-99BD-723FE2EE8A3F}.Debug|x64.Build.0 = Debug|x64
		{96E42203-C03B-4185-99BD-723FE2EE8A3F}.Debug|x86.ActiveCfg = Debug|Win32
		{96E42203-C03B-4185-99BD-723FE2EE8A3F}.Debug|x86.Build.0 = Debug|Win32
		{96E42203-C03B-4185-99BD-723FE2EE8A3F}.Release|x64.ActiveCfg = Release|x64
		{96E42203-C03B-4185-99BD-723FE2EE8A3F}.Release|x64.Build.0 = Release|x64
		{96E42203-C03B-4185-99BD-723FE2EE8A3F}.Release|x86.ActiveCfg = Release|Win32
		{96E42203-C03B-4185-99BD-723FE2EE8A3F}.Release|x86.Build.0 = Release|Win32
	EndGlobalSection
	GlobalSection(SolutionProperties) = preSolution
		HideSolutionNode = FALSE
	EndGlobalSection
	GlobalSection(ExtensibilityGlobals) = postSolution
		SolutionGuid = {76D9372F-4957-4173-8558-F67CD74462F6}
	EndGlobalSection
EndGlobal
